// !$*UTF8*$!
{
	archiveVersion = 1;
	classes = {
	};
	objectVersion = 50;
	objects = {

/* Begin PBXBuildFile section */
		59938EDD75F64022B26AD9B8 /* Pods_Dashboards.framework in Frameworks */ = {isa = PBXBuildFile; fileRef = CDEAB501461D3CC009C6543E /* Pods_Dashboards.framework */; };
		9C00C8262123AEA60054D857 /* AppDelegate.swift in Sources */ = {isa = PBXBuildFile; fileRef = 9C00C8252123AEA60054D857 /* AppDelegate.swift */; };
		9C00C8282123AEA70054D857 /* ViewController.swift in Sources */ = {isa = PBXBuildFile; fileRef = 9C00C8272123AEA70054D857 /* ViewController.swift */; };
		9C00C82B2123AEA70054D857 /* Main.storyboard in Resources */ = {isa = PBXBuildFile; fileRef = 9C00C8292123AEA70054D857 /* Main.storyboard */; };
		9C00C82D2123AEAB0054D857 /* Assets.xcassets in Resources */ = {isa = PBXBuildFile; fileRef = 9C00C82C2123AEAB0054D857 /* Assets.xcassets */; };
		9C00C8302123AEAB0054D857 /* LaunchScreen.storyboard in Resources */ = {isa = PBXBuildFile; fileRef = 9C00C82E2123AEAB0054D857 /* LaunchScreen.storyboard */; };
		9CF2A1862123BA7800312EF4 /* Charts.framework in Frameworks */ = {isa = PBXBuildFile; fileRef = 9CF2A1852123BA7800312EF4 /* Charts.framework */; };
/* End PBXBuildFile section */

/* Begin PBXFileReference section */
		78D9025673DB04B22C7FD7B3 /* Pods-Dashboards.release.xcconfig */ = {isa = PBXFileReference; includeInIndex = 1; lastKnownFileType = text.xcconfig; name = "Pods-Dashboards.release.xcconfig"; path = "Pods/Target Support Files/Pods-Dashboards/Pods-Dashboards.release.xcconfig"; sourceTree = "<group>"; };
		9C00C8222123AEA60054D857 /* Dashboards.app */ = {isa = PBXFileReference; explicitFileType = wrapper.application; includeInIndex = 0; path = Dashboards.app; sourceTree = BUILT_PRODUCTS_DIR; };
		9C00C8252123AEA60054D857 /* AppDelegate.swift */ = {isa = PBXFileReference; lastKnownFileType = sourcecode.swift; path = AppDelegate.swift; sourceTree = "<group>"; };
		9C00C8272123AEA70054D857 /* ViewController.swift */ = {isa = PBXFileReference; lastKnownFileType = sourcecode.swift; path = ViewController.swift; sourceTree = "<group>"; };
		9C00C82A2123AEA70054D857 /* Base */ = {isa = PBXFileReference; lastKnownFileType = file.storyboard; name = Base; path = Base.lproj/Main.storyboard; sourceTree = "<group>"; };
		9C00C82C2123AEAB0054D857 /* Assets.xcassets */ = {isa = PBXFileReference; lastKnownFileType = folder.assetcatalog; path = Assets.xcassets; sourceTree = "<group>"; };
		9C00C82F2123AEAB0054D857 /* Base */ = {isa = PBXFileReference; lastKnownFileType = file.storyboard; name = Base; path = Base.lproj/LaunchScreen.storyboard; sourceTree = "<group>"; };
		9C00C8312123AEAB0054D857 /* Info.plist */ = {isa = PBXFileReference; lastKnownFileType = text.plist.xml; path = Info.plist; sourceTree = "<group>"; };
		9CF2A1852123BA7800312EF4 /* Charts.framework */ = {isa = PBXFileReference; explicitFileType = wrapper.framework; path = Charts.framework; sourceTree = BUILT_PRODUCTS_DIR; };
		B67D5AF0D2034567D1565E31 /* Pods-Dashboards.debug.xcconfig */ = {isa = PBXFileReference; includeInIndex = 1; lastKnownFileType = text.xcconfig; name = "Pods-Dashboards.debug.xcconfig"; path = "Pods/Target Support Files/Pods-Dashboards/Pods-Dashboards.debug.xcconfig"; sourceTree = "<group>"; };
		CDEAB501461D3CC009C6543E /* Pods_Dashboards.framework */ = {isa = PBXFileReference; explicitFileType = wrapper.framework; includeInIndex = 0; path = Pods_Dashboards.framework; sourceTree = BUILT_PRODUCTS_DIR; };
/* End PBXFileReference section */

/* Begin PBXFrameworksBuildPhase section */
		9C00C81F2123AEA60054D857 /* Frameworks */ = {
			isa = PBXFrameworksBuildPhase;
			buildActionMask = 2147483647;
			files = (
				9CF2A1862123BA7800312EF4 /* Charts.framework in Frameworks */,
				59938EDD75F64022B26AD9B8 /* Pods_Dashboards.framework in Frameworks */,
			);
			runOnlyForDeploymentPostprocessing = 0;
		};
/* End PBXFrameworksBuildPhase section */

/* Begin PBXGroup section */
		46AFBDD689F87A5FB1A38CB6 /* Frameworks */ = {
			isa = PBXGroup;
			children = (
				9CF2A1852123BA7800312EF4 /* Charts.framework */,
				CDEAB501461D3CC009C6543E /* Pods_Dashboards.framework */,
			);
			name = Frameworks;
			sourceTree = "<group>";
		};
		9C00C8192123AEA60054D857 = {
			isa = PBXGroup;
			children = (
				9C00C8242123AEA60054D857 /* Dashboards */,
				9C00C8232123AEA60054D857 /* Products */,
				E33578360094F63E4E04BFE6 /* Pods */,
				46AFBDD689F87A5FB1A38CB6 /* Frameworks */,
			);
			sourceTree = "<group>";
		};
		9C00C8232123AEA60054D857 /* Products */ = {
			isa = PBXGroup;
			children = (
				9C00C8222123AEA60054D857 /* Dashboards.app */,
			);
			name = Products;
			sourceTree = "<group>";
		};
		9C00C8242123AEA60054D857 /* Dashboards */ = {
			isa = PBXGroup;
			children = (
				9C00C8252123AEA60054D857 /* AppDelegate.swift */,
				9C00C8272123AEA70054D857 /* ViewController.swift */,
				9C00C8292123AEA70054D857 /* Main.storyboard */,
				9C00C82C2123AEAB0054D857 /* Assets.xcassets */,
				9C00C82E2123AEAB0054D857 /* LaunchScreen.storyboard */,
				9C00C8312123AEAB0054D857 /* Info.plist */,
			);
			path = Dashboards;
			sourceTree = "<group>";
		};
		E33578360094F63E4E04BFE6 /* Pods */ = {
			isa = PBXGroup;
			children = (
				B67D5AF0D2034567D1565E31 /* Pods-Dashboards.debug.xcconfig */,
				78D9025673DB04B22C7FD7B3 /* Pods-Dashboards.release.xcconfig */,
			);
			name = Pods;
			sourceTree = "<group>";
		};
/* End PBXGroup section */

/* Begin PBXNativeTarget section */
		9C00C8212123AEA60054D857 /* Dashboards */ = {
			isa = PBXNativeTarget;
			buildConfigurationList = 9C00C8342123AEAB0054D857 /* Build configuration list for PBXNativeTarget "Dashboards" */;
			buildPhases = (
				AA3EE2B324697CF7F73F1DB5 /* [CP] Check Pods Manifest.lock */,
				9C00C81E2123AEA60054D857 /* Sources */,
				9C00C81F2123AEA60054D857 /* Frameworks */,
				9C00C8202123AEA60054D857 /* Resources */,
				A5A2BB913048BEC93944409B /* [CP] Embed Pods Frameworks */,
			);
			buildRules = (
			);
			dependencies = (
			);
			name = Dashboards;
			productName = Dashboards;
			productReference = 9C00C8222123AEA60054D857 /* Dashboards.app */;
			productType = "com.apple.product-type.application";
		};
/* End PBXNativeTarget section */

/* Begin PBXProject section */
		9C00C81A2123AEA60054D857 /* Project object */ = {
			isa = PBXProject;
			attributes = {
				LastSwiftUpdateCheck = 0940;
				LastUpgradeCheck = 0940;
				ORGANIZATIONNAME = Marcelo;
				TargetAttributes = {
					9C00C8212123AEA60054D857 = {
						CreatedOnToolsVersion = 9.4.1;
					};
				};
			};
			buildConfigurationList = 9C00C81D2123AEA60054D857 /* Build configuration list for PBXProject "Dashboards" */;
			compatibilityVersion = "Xcode 9.3";
			developmentRegion = en;
			hasScannedForEncodings = 0;
			knownRegions = (
				en,
				Base,
			);
			mainGroup = 9C00C8192123AEA60054D857;
			productRefGroup = 9C00C8232123AEA60054D857 /* Products */;
			projectDirPath = "";
			projectRoot = "";
			targets = (
				9C00C8212123AEA60054D857 /* Dashboards */,
			);
		};
/* End PBXProject section */

/* Begin PBXResourcesBuildPhase section */
		9C00C8202123AEA60054D857 /* Resources */ = {
			isa = PBXResourcesBuildPhase;
			buildActionMask = 2147483647;
			files = (
				9C00C8302123AEAB0054D857 /* LaunchScreen.storyboard in Resources */,
				9C00C82D2123AEAB0054D857 /* Assets.xcassets in Resources */,
				9C00C82B2123AEA70054D857 /* Main.storyboard in Resources */,
			);
			runOnlyForDeploymentPostprocessing = 0;
		};
/* End PBXResourcesBuildPhase section */

/* Begin PBXShellScriptBuildPhase section */
		A5A2BB913048BEC93944409B /* [CP] Embed Pods Frameworks */ = {
			isa = PBXShellScriptBuildPhase;
			buildActionMask = 2147483647;
			files = (
			);
			inputPaths = (
				"${SRCROOT}/Pods/Target Support Files/Pods-Dashboards/Pods-Dashboards-frameworks.sh",
				"${BUILT_PRODUCTS_DIR}/Charts/Charts.framework",
			);
			name = "[CP] Embed Pods Frameworks";
			outputPaths = (
				"${TARGET_BUILD_DIR}/${FRAMEWORKS_FOLDER_PATH}/Charts.framework",
			);
			runOnlyForDeploymentPostprocessing = 0;
			shellPath = /bin/sh;
			shellScript = "\"${SRCROOT}/Pods/Target Support Files/Pods-Dashboards/Pods-Dashboards-frameworks.sh\"\n";
			showEnvVarsInLog = 0;
		};
		AA3EE2B324697CF7F73F1DB5 /* [CP] Check Pods Manifest.lock */ = {
			isa = PBXShellScriptBuildPhase;
			buildActionMask = 2147483647;
			files = (
			);
			inputPaths = (
				"${PODS_PODFILE_DIR_PATH}/Podfile.lock",
				"${PODS_ROOT}/Manifest.lock",
			);
			name = "[CP] Check Pods Manifest.lock";
			outputPaths = (
				"$(DERIVED_FILE_DIR)/Pods-Dashboards-checkManifestLockResult.txt",
			);
			runOnlyForDeploymentPostprocessing = 0;
			shellPath = /bin/sh;
			shellScript = "diff \"${PODS_PODFILE_DIR_PATH}/Podfile.lock\" \"${PODS_ROOT}/Manifest.lock\" > /dev/null\nif [ $? != 0 ] ; then\n    # print error to STDERR\n    echo \"error: The sandbox is not in sync with the Podfile.lock. Run 'pod install' or update your CocoaPods installation.\" >&2\n    exit 1\nfi\n# This output is used by Xcode 'outputs' to avoid re-running this script phase.\necho \"SUCCESS\" > \"${SCRIPT_OUTPUT_FILE_0}\"\n";
			showEnvVarsInLog = 0;
		};
/* End PBXShellScriptBuildPhase section */

/* Begin PBXSourcesBuildPhase section */
		9C00C81E2123AEA60054D857 /* Sources */ = {
			isa = PBXSourcesBuildPhase;
			buildActionMask = 2147483647;
			files = (
				9C00C8282123AEA70054D857 /* ViewController.swift in Sources */,
				9C00C8262123AEA60054D857 /* AppDelegate.swift in Sources */,
			);
			runOnlyForDeploymentPostprocessing = 0;
		};
/* End PBXSourcesBuildPhase section */

/* Begin PBXVariantGroup section */
		9C00C8292123AEA70054D857 /* Main.storyboard */ = {
			isa = PBXVariantGroup;
			children = (
				9C00C82A2123AEA70054D857 /* Base */,
			);
			name = Main.storyboard;
			sourceTree = "<group>";
		};
		9C00C82E2123AEAB0054D857 /* LaunchScreen.storyboard */ = {
			isa = PBXVariantGroup;
			children = (
				9C00C82F2123AEAB0054D857 /* Base */,
			);
			name = LaunchScreen.storyboard;
			sourceTree = "<group>";
		};
/* End PBXVariantGroup section */

/* Begin XCBuildConfiguration section */
		9C00C8322123AEAB0054D857 /* Debug */ = {
			isa = XCBuildConfiguration;
			buildSettings = {
				ALWAYS_SEARCH_USER_PATHS = NO;
				CLANG_ANALYZER_NONNULL = YES;
				CLANG_ANALYZER_NUMBER_OBJECT_CONVERSION = YES_AGGRESSIVE;
				CLANG_CXX_LANGUAGE_STANDARD = "gnu++14";
				CLANG_CXX_LIBRARY = "libc++";
				CLANG_ENABLE_MODULES = YES;
				CLANG_ENABLE_OBJC_ARC = YES;
				CLANG_ENABLE_OBJC_WEAK = YES;
				CLANG_WARN_BLOCK_CAPTURE_AUTORELEASING = YES;
				CLANG_WARN_BOOL_CONVERSION = YES;
				CLANG_WARN_COMMA = YES;
				CLANG_WARN_CONSTANT_CONVERSION = YES;
				CLANG_WARN_DEPRECATED_OBJC_IMPLEMENTATIONS = YES;
				CLANG_WARN_DIRECT_OBJC_ISA_USAGE = YES_ERROR;
				CLANG_WARN_DOCUMENTATION_COMMENTS = YES;
				CLANG_WARN_EMPTY_BODY = YES;
				CLANG_WARN_ENUM_CONVERSION = YES;
				CLANG_WARN_INFINITE_RECURSION = YES;
				CLANG_WARN_INT_CONVERSION = YES;
				CLANG_WARN_NON_LITERAL_NULL_CONVERSION = YES;
				CLANG_WARN_OBJC_IMPLICIT_RETAIN_SELF = YES;
				CLANG_WARN_OBJC_LITERAL_CONVERSION = YES;
				CLANG_WARN_OBJC_ROOT_CLASS = YES_ERROR;
				CLANG_WARN_RANGE_LOOP_ANALYSIS = YES;
				CLANG_WARN_STRICT_PROTOTYPES = YES;
				CLANG_WARN_SUSPICIOUS_MOVE = YES;
				CLANG_WARN_UNGUARDED_AVAILABILITY = YES_AGGRESSIVE;
				CLANG_WARN_UNREACHABLE_CODE = YES;
				CLANG_WARN__DUPLICATE_METHOD_MATCH = YES;
				CODE_SIGN_IDENTITY = "iPhone Developer";
				COPY_PHASE_STRIP = NO;
				DEBUG_INFORMATION_FORMAT = dwarf;
				ENABLE_STRICT_OBJC_MSGSEND = YES;
				ENABLE_TESTABILITY = YES;
				GCC_C_LANGUAGE_STANDARD = gnu11;
				GCC_DYNAMIC_NO_PIC = NO;
				GCC_NO_COMMON_BLOCKS = YES;
				GCC_OPTIMIZATION_LEVEL = 0;
				GCC_PREPROCESSOR_DEFINITIONS = (
					"DEBUG=1",
					"$(inherited)",
				);
				GCC_WARN_64_TO_32_BIT_CONVERSION = YES;
				GCC_WARN_ABOUT_RETURN_TYPE = YES_ERROR;
				GCC_WARN_UNDECLARED_SELECTOR = YES;
				GCC_WARN_UNINITIALIZED_AUTOS = YES_AGGRESSIVE;
				GCC_WARN_UNUSED_FUNCTION = YES;
				GCC_WARN_UNUSED_VARIABLE = YES;
				IPHONEOS_DEPLOYMENT_TARGET = 11.4;
				MTL_ENABLE_DEBUG_INFO = YES;
				ONLY_ACTIVE_ARCH = YES;
				SDKROOT = iphoneos;
				SWIFT_ACTIVE_COMPILATION_CONDITIONS = DEBUG;
				SWIFT_OPTIMIZATION_LEVEL = "-Onone";
			};
			name = Debug;
		};
		9C00C8332123AEAB0054D857 /* Release */ = {
			isa = XCBuildConfiguration;
			buildSettings = {
				ALWAYS_SEARCH_USER_PATHS = NO;
				CLANG_ANALYZER_NONNULL = YES;
				CLANG_ANALYZER_NUMBER_OBJECT_CONVERSION = YES_AGGRESSIVE;
				CLANG_CXX_LANGUAGE_STANDARD = "gnu++14";
				CLANG_CXX_LIBRARY = "libc++";
				CLANG_ENABLE_MODULES = YES;
				CLANG_ENABLE_OBJC_ARC = YES;
				CLANG_ENABLE_OBJC_WEAK = YES;
				CLANG_WARN_BLOCK_CAPTURE_AUTORELEASING = YES;
				CLANG_WARN_BOOL_CONVERSION = YES;
				CLANG_WARN_COMMA = YES;
				CLANG_WARN_CONSTANT_CONVERSION = YES;
				CLANG_WARN_DEPRECATED_OBJC_IMPLEMENTATIONS = YES;
				CLANG_WARN_DIRECT_OBJC_ISA_USAGE = YES_ERROR;
				CLANG_WARN_DOCUMENTATION_COMMENTS = YES;
				CLANG_WARN_EMPTY_BODY = YES;
				CLANG_WARN_ENUM_CONVERSION = YES;
				CLANG_WARN_INFINITE_RECURSION = YES;
				CLANG_WARN_INT_CONVERSION = YES;
				CLANG_WARN_NON_LITERAL_NULL_CONVERSION = YES;
				CLANG_WARN_OBJC_IMPLICIT_RETAIN_SELF = YES;
				CLANG_WARN_OBJC_LITERAL_CONVERSION = YES;
				CLANG_WARN_OBJC_ROOT_CLASS = YES_ERROR;
				CLANG_WARN_RANGE_LOOP_ANALYSIS = YES;
				CLANG_WARN_STRICT_PROTOTYPES = YES;
				CLANG_WARN_SUSPICIOUS_MOVE = YES;
				CLANG_WARN_UNGUARDED_AVAILABILITY = YES_AGGRESSIVE;
				CLANG_WARN_UNREACHABLE_CODE = YES;
				CLANG_WARN__DUPLICATE_METHOD_MATCH = YES;
				CODE_SIGN_IDENTITY = "iPhone Developer";
				COPY_PHASE_STRIP = NO;
				DEBUG_INFORMATION_FORMAT = "dwarf-with-dsym";
				ENABLE_NS_ASSERTIONS = NO;
				ENABLE_STRICT_OBJC_MSGSEND = YES;
				GCC_C_LANGUAGE_STANDARD = gnu11;
				GCC_NO_COMMON_BLOCKS = YES;
				GCC_WARN_64_TO_32_BIT_CONVERSION = YES;
				GCC_WARN_ABOUT_RETURN_TYPE = YES_ERROR;
				GCC_WARN_UNDECLARED_SELECTOR = YES;
				GCC_WARN_UNINITIALIZED_AUTOS = YES_AGGRESSIVE;
				GCC_WARN_UNUSED_FUNCTION = YES;
				GCC_WARN_UNUSED_VARIABLE = YES;
				IPHONEOS_DEPLOYMENT_TARGET = 11.4;
				MTL_ENABLE_DEBUG_INFO = NO;
				SDKROOT = iphoneos;
				SWIFT_COMPILATION_MODE = wholemodule;
				SWIFT_OPTIMIZATION_LEVEL = "-O";
				VALIDATE_PRODUCT = YES;
			};
			name = Release;
		};
		9C00C8352123AEAB0054D857 /* Debug */ = {
			isa = XCBuildConfiguration;
			baseConfigurationReference = B67D5AF0D2034567D1565E31 /* Pods-Dashboards.debug.xcconfig */;
			buildSettings = {
				ASSETCATALOG_COMPILER_APPICON_NAME = AppIcon;
				CODE_SIGN_STYLE = Automatic;
				DEVELOPMENT_TEAM = BE63XF3UUR;
				INFOPLIST_FILE = Dashboards/Info.plist;
				LD_RUNPATH_SEARCH_PATHS = (
					"$(inherited)",
					"@executable_path/Frameworks",
				);
				PRODUCT_BUNDLE_IDENTIFIER = br.com.hibejix.Dashboards;
				PRODUCT_NAME = "$(TARGET_NAME)";
				SWIFT_VERSION = 4.0;
				TARGETED_DEVICE_FAMILY = "1,2";
			};
			name = Debug;
		};
		9C00C8362123AEAB0054D857 /* Release */ = {
			isa = XCBuildConfiguration;
			baseConfigurationReference = 78D9025673DB04B22C7FD7B3 /* Pods-Dashboards.release.xcconfig */;
			buildSettings = {
				ASSETCATALOG_COMPILER_APPICON_NAME = AppIcon;
				CODE_SIGN_STYLE = Automatic;
				DEVELOPMENT_TEAM = BE63XF3UUR;
				INFOPLIST_FILE = Dashboards/Info.plist;
				LD_RUNPATH_SEARCH_PATHS = (
					"$(inherited)",
					"@executable_path/Frameworks",
				);
				PRODUCT_BUNDLE_IDENTIFIER = br.com.hibejix.Dashboards;
				PRODUCT_NAME = "$(TARGET_NAME)";
				SWIFT_VERSION = 4.0;
				TARGETED_DEVICE_FAMILY = "1,2";
			};
			name = Release;
		};
/* End XCBuildConfiguration section */

/* Begin XCConfigurationList section */
		9C00C81D2123AEA60054D857 /* Build configuration list for PBXProject "Dashboards" */ = {
			isa = XCConfigurationList;
			buildConfigurations = (
				9C00C8322123AEAB0054D857 /* Debug */,
				9C00C8332123AEAB0054D857 /* Release */,
			);
			defaultConfigurationIsVisible = 0;
			defaultConfigurationName = Release;
		};
		9C00C8342123AEAB0054D857 /* Build configuration list for PBXNativeTarget "Dashboards" */ = {
			isa = XCConfigurationList;
			buildConfigurations = (
				9C00C8352123AEAB0054D857 /* Debug */,
				9C00C8362123AEAB0054D857 /* Release */,
			);
			defaultConfigurationIsVisible = 0;
			defaultConfigurationName = Release;
		};
/* End XCConfigurationList section */
	};
	rootObject = 9C00C81A2123AEA60054D857 /* Project object */;
}
